
Microsoft Visual Studio Solution File, Format Version 12.00
# Visual Studio Version 17
VisualStudioVersion = 17.2.32630.192
MinimumVisualStudioVersion = 10.0.40219.1
Project("{FAE04EC0-301F-11D3-BF4B-00C04F79EFBC}") = "FIRST TASK EVEN  AND ODD NUM", "FIRST TASK EVEN  AND ODD NUM.\FIRST TASK EVEN  AND ODD NUM.csproj", "{E91085FE-AB2B-4F7C-8976-A8A0CC702BB7}"
EndProject
Global
	GlobalSection(SolutionConfigurationPlatforms) = preSolution
		Debug|Any CPU = Debug|Any CPU
		Release|Any CPU = Release|Any CPU
	EndGlobalSection
	GlobalSection(ProjectConfigurationPlatforms) = postSolution
		{E91085FE-AB2B-4F7C-8976-A8A0CC702BB7}.Debug|Any CPU.ActiveCfg = Debug|Any CPU
		{E91085FE-AB2B-4F7C-8976-A8A0CC702BB7}.Debug|Any CPU.Build.0 = Debug|Any CPU
		{E91085FE-AB2B-4F7C-8976-A8A0CC702BB7}.Release|Any CPU.ActiveCfg = Release|Any CPU
		{E91085FE-AB2B-4F7C-8976-A8A0CC702BB7}.Release|Any CPU.Build.0 = Release|Any CPU
	EndGlobalSection
	GlobalSection(SolutionProperties) = preSolution
		HideSolutionNode = FALSE
	EndGlobalSection
	GlobalSection(ExtensibilityGlobals) = postSolution
		SolutionGuid = {9CD30D3F-3CEC-4D2A-89BB-633033681BDA}
	EndGlobalSection
EndGlobal
